
Microsoft Visual Studio Solution File, Format Version 12.00
# Visual Studio Version 17
VisualStudioVersion = 17.1.32228.430
MinimumVisualStudioVersion = 10.0.40219.1
Project("{FAE04EC0-301F-11D3-BF4B-00C04F79EFBC}") = "BoletaVentas", "BoletaVentas\BoletaVentas.csproj", "{FAC4F478-5B92-4E96-AD7C-BB6B86820AF8}"
EndProject
Global
	GlobalSection(SolutionConfigurationPlatforms) = preSolution
		Debug|Any CPU = Debug|Any CPU
		Release|Any CPU = Release|Any CPU
	EndGlobalSection
	GlobalSection(ProjectConfigurationPlatforms) = postSolution
		{FAC4F478-5B92-4E96-AD7C-BB6B86820AF8}.Debug|Any CPU.ActiveCfg = Debug|Any CPU
		{FAC4F478-5B92-4E96-AD7C-BB6B86820AF8}.Debug|Any CPU.Build.0 = Debug|Any CPU
		{FAC4F478-5B92-4E96-AD7C-BB6B86820AF8}.Release|Any CPU.ActiveCfg = Release|Any CPU
		{FAC4F478-5B92-4E96-AD7C-BB6B86820AF8}.Release|Any CPU.Build.0 = Release|Any CPU
	EndGlobalSection
	GlobalSection(SolutionProperties) = preSolution
		HideSolutionNode = FALSE
	EndGlobalSection
	GlobalSection(ExtensibilityGlobals) = postSolution
		SolutionGuid = {140B3E57-3C15-4369-B5B4-AA9BBBE28571}
	EndGlobalSection
EndGlobal
